
Microsoft Visual Studio Solution File, Format Version 12.00
# Visual Studio Version 17
VisualStudioVersion = 17.2.32630.192
MinimumVisualStudioVersion = 10.0.40219.1
Project("{FAE04EC0-301F-11D3-BF4B-00C04F79EFBC}") = "SportApp", "SportApp\SportApp.csproj", "{6A07DBE3-50A9-40AB-8BDC-9B4246D52C26}"
EndProject
Global
	GlobalSection(SolutionConfigurationPlatforms) = preSolution
		Debug|Any CPU = Debug|Any CPU
		Release|Any CPU = Release|Any CPU
	EndGlobalSection
	GlobalSection(ProjectConfigurationPlatforms) = postSolution
		{6A07DBE3-50A9-40AB-8BDC-9B4246D52C26}.Debug|Any CPU.ActiveCfg = Debug|Any CPU
		{6A07DBE3-50A9-40AB-8BDC-9B4246D52C26}.Debug|Any CPU.Build.0 = Debug|Any CPU
		{6A07DBE3-50A9-40AB-8BDC-9B4246D52C26}.Release|Any CPU.ActiveCfg = Release|Any CPU
		{6A07DBE3-50A9-40AB-8BDC-9B4246D52C26}.Release|Any CPU.Build.0 = Release|Any CPU
	EndGlobalSection
	GlobalSection(SolutionProperties) = preSolution
		HideSolutionNode = FALSE
	EndGlobalSection
	GlobalSection(ExtensibilityGlobals) = postSolution
		SolutionGuid = {9CAFC77F-6B88-4E6C-8F0C-701919D0989B}
	EndGlobalSection
EndGlobal
