
Microsoft Visual Studio Solution File, Format Version 12.00
# Visual Studio Version 17
VisualStudioVersion = 17.2.32630.192
MinimumVisualStudioVersion = 10.0.40219.1
Project("{9A19103F-16F7-4668-BE54-9A1E7A4F7556}") = "SportApp.Api", "src\SportApp.Api\SportApp.Api.csproj", "{6A07DBE3-50A9-40AB-8BDC-9B4246D52C26}"
EndProject
Project("{9A19103F-16F7-4668-BE54-9A1E7A4F7556}") = "SportApp.Infrastructure", "src\SportApp.Infrastructure\SportApp.Infrastructure.csproj", "{B1216E2D-71A2-4E07-AC37-ED532EE568A2}"
EndProject
Project("{9A19103F-16F7-4668-BE54-9A1E7A4F7556}") = "SportApp.Core", "src\SportApp.Core\SportApp.Core.csproj", "{8C752C29-7897-487C-A156-3CE9EB0E598F}"
EndProject
Project("{2150E333-8FDC-42A3-9474-1A3956D46DE8}") = "src", "src", "{8DA93821-75A2-44C6-9C48-CA02FC72BCAF}"
EndProject
Project("{2150E333-8FDC-42A3-9474-1A3956D46DE8}") = "test", "test", "{8D385AC6-F2E5-4681-B8C7-296FD07AECBF}"
EndProject
Project("{54A90642-561A-4BB1-A94E-469ADEE60C69}") = "SportApp.Web", "src\SportApp.Web\SportApp.Web.esproj", "{28D2885D-D345-4642-87FB-E75818CEF9AF}"
EndProject
Global
	GlobalSection(SolutionConfigurationPlatforms) = preSolution
		Debug|Any CPU = Debug|Any CPU
		Release|Any CPU = Release|Any CPU
	EndGlobalSection
	GlobalSection(ProjectConfigurationPlatforms) = postSolution
		{6A07DBE3-50A9-40AB-8BDC-9B4246D52C26}.Debug|Any CPU.ActiveCfg = Debug|Any CPU
		{6A07DBE3-50A9-40AB-8BDC-9B4246D52C26}.Debug|Any CPU.Build.0 = Debug|Any CPU
		{6A07DBE3-50A9-40AB-8BDC-9B4246D52C26}.Release|Any CPU.ActiveCfg = Release|Any CPU
		{6A07DBE3-50A9-40AB-8BDC-9B4246D52C26}.Release|Any CPU.Build.0 = Release|Any CPU
		{B1216E2D-71A2-4E07-AC37-ED532EE568A2}.Debug|Any CPU.ActiveCfg = Debug|Any CPU
		{B1216E2D-71A2-4E07-AC37-ED532EE568A2}.Debug|Any CPU.Build.0 = Debug|Any CPU
		{B1216E2D-71A2-4E07-AC37-ED532EE568A2}.Release|Any CPU.ActiveCfg = Release|Any CPU
		{B1216E2D-71A2-4E07-AC37-ED532EE568A2}.Release|Any CPU.Build.0 = Release|Any CPU
		{8C752C29-7897-487C-A156-3CE9EB0E598F}.Debug|Any CPU.ActiveCfg = Debug|Any CPU
		{8C752C29-7897-487C-A156-3CE9EB0E598F}.Debug|Any CPU.Build.0 = Debug|Any CPU
		{8C752C29-7897-487C-A156-3CE9EB0E598F}.Release|Any CPU.ActiveCfg = Release|Any CPU
		{8C752C29-7897-487C-A156-3CE9EB0E598F}.Release|Any CPU.Build.0 = Release|Any CPU
		{28D2885D-D345-4642-87FB-E75818CEF9AF}.Debug|Any CPU.ActiveCfg = Debug|Any CPU
		{28D2885D-D345-4642-87FB-E75818CEF9AF}.Debug|Any CPU.Build.0 = Debug|Any CPU
		{28D2885D-D345-4642-87FB-E75818CEF9AF}.Debug|Any CPU.Deploy.0 = Debug|Any CPU
		{28D2885D-D345-4642-87FB-E75818CEF9AF}.Release|Any CPU.ActiveCfg = Release|Any CPU
		{28D2885D-D345-4642-87FB-E75818CEF9AF}.Release|Any CPU.Build.0 = Release|Any CPU
		{28D2885D-D345-4642-87FB-E75818CEF9AF}.Release|Any CPU.Deploy.0 = Release|Any CPU
	EndGlobalSection
	GlobalSection(SolutionProperties) = preSolution
		HideSolutionNode = FALSE
	EndGlobalSection
	GlobalSection(NestedProjects) = preSolution
		{6A07DBE3-50A9-40AB-8BDC-9B4246D52C26} = {8DA93821-75A2-44C6-9C48-CA02FC72BCAF}
		{B1216E2D-71A2-4E07-AC37-ED532EE568A2} = {8DA93821-75A2-44C6-9C48-CA02FC72BCAF}
		{8C752C29-7897-487C-A156-3CE9EB0E598F} = {8DA93821-75A2-44C6-9C48-CA02FC72BCAF}
		{28D2885D-D345-4642-87FB-E75818CEF9AF} = {8DA93821-75A2-44C6-9C48-CA02FC72BCAF}
	EndGlobalSection
	GlobalSection(ExtensibilityGlobals) = postSolution
		SolutionGuid = {9CAFC77F-6B88-4E6C-8F0C-701919D0989B}
	EndGlobalSection
EndGlobal
