
Microsoft Visual Studio Solution File, Format Version 12.00
# Visual Studio Version 17
VisualStudioVersion = 17.2.32630.192
MinimumVisualStudioVersion = 10.0.40219.1
Project("{FAE04EC0-301F-11D3-BF4B-00C04F79EFBC}") = "SportApp", "SportApp\SportApp.csproj", "{ADF05A83-2EF6-4E38-B6BF-7BF4EE097435}"
EndProject
Global
	GlobalSection(SolutionConfigurationPlatforms) = preSolution
		Debug|Any CPU = Debug|Any CPU
		Release|Any CPU = Release|Any CPU
	EndGlobalSection
	GlobalSection(ProjectConfigurationPlatforms) = postSolution
		{ADF05A83-2EF6-4E38-B6BF-7BF4EE097435}.Debug|Any CPU.ActiveCfg = Debug|Any CPU
		{ADF05A83-2EF6-4E38-B6BF-7BF4EE097435}.Debug|Any CPU.Build.0 = Debug|Any CPU
		{ADF05A83-2EF6-4E38-B6BF-7BF4EE097435}.Release|Any CPU.ActiveCfg = Release|Any CPU
		{ADF05A83-2EF6-4E38-B6BF-7BF4EE097435}.Release|Any CPU.Build.0 = Release|Any CPU
	EndGlobalSection
	GlobalSection(SolutionProperties) = preSolution
		HideSolutionNode = FALSE
	EndGlobalSection
	GlobalSection(ExtensibilityGlobals) = postSolution
		SolutionGuid = {4BCF36CE-0249-4D42-89A6-E0CEFF813E74}
	EndGlobalSection
EndGlobal
